
Microsoft Visual Studio Solution File, Format Version 12.00
# Visual Studio Version 17
VisualStudioVersion = 17.3.32505.426
MinimumVisualStudioVersion = 10.0.40219.1
Project("{9A19103F-16F7-4668-BE54-9A1E7A4F7556}") = "Api", "src\Api\Api.csproj", "{1951FAB5-354A-4E51-A7D4-35038B6B4D30}"
EndProject
Project("{FAE04EC0-301F-11D3-BF4B-00C04F79EFBC}") = "Domain", "src\Domain\Domain.csproj", "{DF780F6D-DDDD-4869-BBE2-F66DD8491A3C}"
EndProject
Project("{FAE04EC0-301F-11D3-BF4B-00C04F79EFBC}") = "Api.Models", "src\Api.Models\Api.Models.csproj", "{BC75E896-947A-47DF-818E-35C04E79B38A}"
EndProject
Global
	GlobalSection(SolutionConfigurationPlatforms) = preSolution
		Debug|Any CPU = Debug|Any CPU
		Release|Any CPU = Release|Any CPU
	EndGlobalSection
	GlobalSection(ProjectConfigurationPlatforms) = postSolution
		{1951FAB5-354A-4E51-A7D4-35038B6B4D30}.Debug|Any CPU.ActiveCfg = Debug|Any CPU
		{1951FAB5-354A-4E51-A7D4-35038B6B4D30}.Debug|Any CPU.Build.0 = Debug|Any CPU
		{1951FAB5-354A-4E51-A7D4-35038B6B4D30}.Release|Any CPU.ActiveCfg = Release|Any CPU
		{1951FAB5-354A-4E51-A7D4-35038B6B4D30}.Release|Any CPU.Build.0 = Release|Any CPU
		{DF780F6D-DDDD-4869-BBE2-F66DD8491A3C}.Debug|Any CPU.ActiveCfg = Debug|Any CPU
		{DF780F6D-DDDD-4869-BBE2-F66DD8491A3C}.Debug|Any CPU.Build.0 = Debug|Any CPU
		{DF780F6D-DDDD-4869-BBE2-F66DD8491A3C}.Release|Any CPU.ActiveCfg = Release|Any CPU
		{DF780F6D-DDDD-4869-BBE2-F66DD8491A3C}.Release|Any CPU.Build.0 = Release|Any CPU
		{BC75E896-947A-47DF-818E-35C04E79B38A}.Debug|Any CPU.ActiveCfg = Debug|Any CPU
		{BC75E896-947A-47DF-818E-35C04E79B38A}.Debug|Any CPU.Build.0 = Debug|Any CPU
		{BC75E896-947A-47DF-818E-35C04E79B38A}.Release|Any CPU.ActiveCfg = Release|Any CPU
		{BC75E896-947A-47DF-818E-35C04E79B38A}.Release|Any CPU.Build.0 = Release|Any CPU
	EndGlobalSection
	GlobalSection(SolutionProperties) = preSolution
		HideSolutionNode = FALSE
	EndGlobalSection
	GlobalSection(ExtensibilityGlobals) = postSolution
		SolutionGuid = {525CD7FF-567A-4576-876B-02D8EFD5E5DC}
	EndGlobalSection
EndGlobal
